
Microsoft Visual Studio Solution File, Format Version 10.00
# Visual Studio 2008
Project("{FAE04EC0-301F-11D3-BF4B-00C04F79EFBC}") = "EvalExpression", "EvalExpression.csproj", "{CBF0328B-FD3E-4D47-9B66-2DA8E9A18C4A}"
EndProject
Project("{FAE04EC0-301F-11D3-BF4B-00C04F79EFBC}") = "Eval", "..\Eval\Eval.csproj", "{3FA89D65-A03C-4D3D-8057-077B481A450D}"
EndProject
Global
	GlobalSection(SolutionConfigurationPlatforms) = preSolution
		Debug|Any CPU = Debug|Any CPU
		Release|Any CPU = Release|Any CPU
	EndGlobalSection
	GlobalSection(ProjectConfigurationPlatforms) = postSolution
		{CBF0328B-FD3E-4D47-9B66-2DA8E9A18C4A}.Debug|Any CPU.ActiveCfg = Debug|Any CPU
		{CBF0328B-FD3E-4D47-9B66-2DA8E9A18C4A}.Debug|Any CPU.Build.0 = Debug|Any CPU
		{CBF0328B-FD3E-4D47-9B66-2DA8E9A18C4A}.Release|Any CPU.ActiveCfg = Release|Any CPU
		{CBF0328B-FD3E-4D47-9B66-2DA8E9A18C4A}.Release|Any CPU.Build.0 = Release|Any CPU
		{3FA89D65-A03C-4D3D-8057-077B481A450D}.Debug|Any CPU.ActiveCfg = Debug|Any CPU
		{3FA89D65-A03C-4D3D-8057-077B481A450D}.Debug|Any CPU.Build.0 = Debug|Any CPU
		{3FA89D65-A03C-4D3D-8057-077B481A450D}.Release|Any CPU.ActiveCfg = Release|Any CPU
		{3FA89D65-A03C-4D3D-8057-077B481A450D}.Release|Any CPU.Build.0 = Release|Any CPU
	EndGlobalSection
	GlobalSection(SolutionProperties) = preSolution
		HideSolutionNode = FALSE
	EndGlobalSection
EndGlobal
